
Microsoft Visual Studio Solution File, Format Version 12.00
# Visual Studio Version 17
VisualStudioVersion = 17.8.34511.84
MinimumVisualStudioVersion = 10.0.40219.1
Project("{FAE04EC0-301F-11D3-BF4B-00C04F79EFBC}") = "DailyReport", "DailyReport\DailyReport.csproj", "{38F243B3-5239-4666-BD26-C4FB1F5AF40A}"
EndProject
Global
	GlobalSection(SolutionConfigurationPlatforms) = preSolution
		Debug|Any CPU = Debug|Any CPU
		Release|Any CPU = Release|Any CPU
	EndGlobalSection
	GlobalSection(ProjectConfigurationPlatforms) = postSolution
		{38F243B3-5239-4666-BD26-C4FB1F5AF40A}.Debug|Any CPU.ActiveCfg = Debug|Any CPU
		{38F243B3-5239-4666-BD26-C4FB1F5AF40A}.Debug|Any CPU.Build.0 = Debug|Any CPU
		{38F243B3-5239-4666-BD26-C4FB1F5AF40A}.Release|Any CPU.ActiveCfg = Release|Any CPU
		{38F243B3-5239-4666-BD26-C4FB1F5AF40A}.Release|Any CPU.Build.0 = Release|Any CPU
	EndGlobalSection
	GlobalSection(SolutionProperties) = preSolution
		HideSolutionNode = FALSE
	EndGlobalSection
	GlobalSection(ExtensibilityGlobals) = postSolution
		SolutionGuid = {DEFCD191-2CD5-4F83-9496-9C7522972178}
	EndGlobalSection
EndGlobal
