
Microsoft Visual Studio Solution File, Format Version 12.00
# Visual Studio Version 17
VisualStudioVersion = 17.8.34511.84
MinimumVisualStudioVersion = 10.0.40219.1
Project("{FAE04EC0-301F-11D3-BF4B-00C04F79EFBC}") = "OperatorAssignment", "OperatorAssignment\OperatorAssignment.csproj", "{2E6DB357-17B4-442F-8CDD-2AB4C56DC687}"
EndProject
Global
	GlobalSection(SolutionConfigurationPlatforms) = preSolution
		Debug|Any CPU = Debug|Any CPU
		Release|Any CPU = Release|Any CPU
	EndGlobalSection
	GlobalSection(ProjectConfigurationPlatforms) = postSolution
		{2E6DB357-17B4-442F-8CDD-2AB4C56DC687}.Debug|Any CPU.ActiveCfg = Debug|Any CPU
		{2E6DB357-17B4-442F-8CDD-2AB4C56DC687}.Debug|Any CPU.Build.0 = Debug|Any CPU
		{2E6DB357-17B4-442F-8CDD-2AB4C56DC687}.Release|Any CPU.ActiveCfg = Release|Any CPU
		{2E6DB357-17B4-442F-8CDD-2AB4C56DC687}.Release|Any CPU.Build.0 = Release|Any CPU
	EndGlobalSection
	GlobalSection(SolutionProperties) = preSolution
		HideSolutionNode = FALSE
	EndGlobalSection
	GlobalSection(ExtensibilityGlobals) = postSolution
		SolutionGuid = {C1258B18-4464-45C7-B417-82E157D8D286}
	EndGlobalSection
EndGlobal
