
Microsoft Visual Studio Solution File, Format Version 12.00
# Visual Studio Version 17
VisualStudioVersion = 17.8.34511.84
MinimumVisualStudioVersion = 10.0.40219.1
Project("{FAE04EC0-301F-11D3-BF4B-00C04F79EFBC}") = "AccountingWebsite", "AccountingWebsite\AccountingWebsite.csproj", "{C3012FA2-1090-4C58-A89E-B75E7E7EBE52}"
EndProject
Global
	GlobalSection(SolutionConfigurationPlatforms) = preSolution
		Debug|Any CPU = Debug|Any CPU
		Release|Any CPU = Release|Any CPU
	EndGlobalSection
	GlobalSection(ProjectConfigurationPlatforms) = postSolution
		{C3012FA2-1090-4C58-A89E-B75E7E7EBE52}.Debug|Any CPU.ActiveCfg = Debug|Any CPU
		{C3012FA2-1090-4C58-A89E-B75E7E7EBE52}.Debug|Any CPU.Build.0 = Debug|Any CPU
		{C3012FA2-1090-4C58-A89E-B75E7E7EBE52}.Release|Any CPU.ActiveCfg = Release|Any CPU
		{C3012FA2-1090-4C58-A89E-B75E7E7EBE52}.Release|Any CPU.Build.0 = Release|Any CPU
	EndGlobalSection
	GlobalSection(SolutionProperties) = preSolution
		HideSolutionNode = FALSE
	EndGlobalSection
	GlobalSection(ExtensibilityGlobals) = postSolution
		SolutionGuid = {780E98DA-1E34-4E12-A126-1280B512D30A}
	EndGlobalSection
EndGlobal
