
Microsoft Visual Studio Solution File, Format Version 12.00
# Visual Studio Version 17
VisualStudioVersion = 17.8.34511.84
MinimumVisualStudioVersion = 10.0.40219.1
Project("{FAE04EC0-301F-11D3-BF4B-00C04F79EFBC}") = "ConstructorAssignment1", "ConstructorAssignment1\ConstructorAssignment1.csproj", "{80B864EA-3676-444D-8F98-F5FFA931F419}"
EndProject
Global
	GlobalSection(SolutionConfigurationPlatforms) = preSolution
		Debug|Any CPU = Debug|Any CPU
		Release|Any CPU = Release|Any CPU
	EndGlobalSection
	GlobalSection(ProjectConfigurationPlatforms) = postSolution
		{80B864EA-3676-444D-8F98-F5FFA931F419}.Debug|Any CPU.ActiveCfg = Debug|Any CPU
		{80B864EA-3676-444D-8F98-F5FFA931F419}.Debug|Any CPU.Build.0 = Debug|Any CPU
		{80B864EA-3676-444D-8F98-F5FFA931F419}.Release|Any CPU.ActiveCfg = Release|Any CPU
		{80B864EA-3676-444D-8F98-F5FFA931F419}.Release|Any CPU.Build.0 = Release|Any CPU
	EndGlobalSection
	GlobalSection(SolutionProperties) = preSolution
		HideSolutionNode = FALSE
	EndGlobalSection
	GlobalSection(ExtensibilityGlobals) = postSolution
		SolutionGuid = {CE7F6D11-1FCA-4BF3-89C4-BF5932B29738}
	EndGlobalSection
EndGlobal
